
Microsoft Visual Studio Solution File, Format Version 12.00
# Visual Studio Version 17
VisualStudioVersion = 17.11.35312.102
MinimumVisualStudioVersion = 10.0.40219.1
Project("{FAE04EC0-301F-11D3-BF4B-00C04F79EFBC}") = "PARCIAL.19100520.API", "PARCIAL.19100520.API\PARCIAL.19100520.API.csproj", "{926BC627-F457-4319-BB58-1188C876AF80}"
EndProject
Project("{FAE04EC0-301F-11D3-BF4B-00C04F79EFBC}") = "PARCIAL.19100520.DOMAIN", "PARCIAL.19100520.DOMAIN\PARCIAL.19100520.DOMAIN.csproj", "{771863E4-A99B-46D9-8B75-D434455E4077}"
EndProject
Global
	GlobalSection(SolutionConfigurationPlatforms) = preSolution
		Debug|Any CPU = Debug|Any CPU
		Release|Any CPU = Release|Any CPU
	EndGlobalSection
	GlobalSection(ProjectConfigurationPlatforms) = postSolution
		{926BC627-F457-4319-BB58-1188C876AF80}.Debug|Any CPU.ActiveCfg = Debug|Any CPU
		{926BC627-F457-4319-BB58-1188C876AF80}.Debug|Any CPU.Build.0 = Debug|Any CPU
		{926BC627-F457-4319-BB58-1188C876AF80}.Release|Any CPU.ActiveCfg = Release|Any CPU
		{926BC627-F457-4319-BB58-1188C876AF80}.Release|Any CPU.Build.0 = Release|Any CPU
		{771863E4-A99B-46D9-8B75-D434455E4077}.Debug|Any CPU.ActiveCfg = Debug|Any CPU
		{771863E4-A99B-46D9-8B75-D434455E4077}.Debug|Any CPU.Build.0 = Debug|Any CPU
		{771863E4-A99B-46D9-8B75-D434455E4077}.Release|Any CPU.ActiveCfg = Release|Any CPU
		{771863E4-A99B-46D9-8B75-D434455E4077}.Release|Any CPU.Build.0 = Release|Any CPU
	EndGlobalSection
	GlobalSection(SolutionProperties) = preSolution
		HideSolutionNode = FALSE
	EndGlobalSection
	GlobalSection(ExtensibilityGlobals) = postSolution
		SolutionGuid = {CAABE10A-123C-4353-BB02-508A99C88B05}
	EndGlobalSection
EndGlobal
